// !$*UTF8*$!
{
	archiveVersion = 1;
	classes = {
	};
	objectVersion = 46;
	objects = {

/* Begin PBXBuildFile section */
		B87DE53A1CC9BB81009CB792 /* main.m in Sources */ = {isa = PBXBuildFile; fileRef = B87DE5391CC9BB81009CB792 /* main.m */; };
		B87DE53D1CC9BB81009CB792 /* AppDelegate.m in Sources */ = {isa = PBXBuildFile; fileRef = B87DE53C1CC9BB81009CB792 /* AppDelegate.m */; };
		B87DE5401CC9BB81009CB792 /* ViewController.m in Sources */ = {isa = PBXBuildFile; fileRef = B87DE53F1CC9BB81009CB792 /* ViewController.m */; };
		B87DE5431CC9BB81009CB792 /* Main.storyboard in Resources */ = {isa = PBXBuildFile; fileRef = B87DE5411CC9BB81009CB792 /* Main.storyboard */; };
		B87DE5451CC9BB81009CB792 /* Assets.xcassets in Resources */ = {isa = PBXBuildFile; fileRef = B87DE5441CC9BB81009CB792 /* Assets.xcassets */; };
		B87DE5481CC9BB81009CB792 /* LaunchScreen.storyboard in Resources */ = {isa = PBXBuildFile; fileRef = B87DE5461CC9BB81009CB792 /* LaunchScreen.storyboard */; };
		B87DE5531CC9BB81009CB792 /* ___Tests.m in Sources */ = {isa = PBXBuildFile; fileRef = B87DE5521CC9BB81009CB792 /* ___Tests.m */; };
		B87DE55E1CC9BB81009CB792 /* ___UITests.m in Sources */ = {isa = PBXBuildFile; fileRef = B87DE55D1CC9BB81009CB792 /* ___UITests.m */; };
		B87DE56D1CC9BCB9009CB792 /* CarouselView.m in Sources */ = {isa = PBXBuildFile; fileRef = B87DE56C1CC9BCB9009CB792 /* CarouselView.m */; };
		B87DE5791CC9C97A009CB792 /* QI(1MFTRFN02WPNDOYRF@A1.jpg in Resources */ = {isa = PBXBuildFile; fileRef = B87DE5781CC9C97A009CB792 /* QI(1MFTRFN02WPNDOYRF@A1.jpg */; };
		B87DE57B1CC9C982009CB792 /* NRB77}NIOOHABA`XFY[ODQG.jpg in Resources */ = {isa = PBXBuildFile; fileRef = B87DE57A1CC9C982009CB792 /* NRB77}NIOOHABA`XFY[ODQG.jpg */; };
		B87DE57D1CC9C989009CB792 /* T450_RQ9WCBH56VGJALOLV7.jpg in Resources */ = {isa = PBXBuildFile; fileRef = B87DE57C1CC9C989009CB792 /* T450_RQ9WCBH56VGJALOLV7.jpg */; };
		B87DE57F1CC9C98F009CB792 /* S]6N737JBN)_ILMSL3T2XOC.jpg in Resources */ = {isa = PBXBuildFile; fileRef = B87DE57E1CC9C98F009CB792 /* S]6N737JBN)_ILMSL3T2XOC.jpg */; };
		B87DE5811CC9C994009CB792 /* WRU8M4U(_SY2~]_71L3L3UM.jpg in Resources */ = {isa = PBXBuildFile; fileRef = B87DE5801CC9C994009CB792 /* WRU8M4U(_SY2~]_71L3L3UM.jpg */; };
		B89054521CCDCA4900B920DB /* img_01.png in Resources */ = {isa = PBXBuildFile; fileRef = B890544D1CCDCA4900B920DB /* img_01.png */; };
		B89054531CCDCA4900B920DB /* img_02.png in Resources */ = {isa = PBXBuildFile; fileRef = B890544E1CCDCA4900B920DB /* img_02.png */; };
		B89054541CCDCA4900B920DB /* img_03.png in Resources */ = {isa = PBXBuildFile; fileRef = B890544F1CCDCA4900B920DB /* img_03.png */; };
		B89054551CCDCA4900B920DB /* img_04.png in Resources */ = {isa = PBXBuildFile; fileRef = B89054501CCDCA4900B920DB /* img_04.png */; };
		B89054561CCDCA4900B920DB /* img_05.png in Resources */ = {isa = PBXBuildFile; fileRef = B89054511CCDCA4900B920DB /* img_05.png */; };
/* End PBXBuildFile section */

/* Begin PBXContainerItemProxy section */
		B87DE54F1CC9BB81009CB792 /* PBXContainerItemProxy */ = {
			isa = PBXContainerItemProxy;
			containerPortal = B87DE52D1CC9BB80009CB792 /* Project object */;
			proxyType = 1;
			remoteGlobalIDString = B87DE5341CC9BB81009CB792;
			remoteInfo = "轮播图";
		};
		B87DE55A1CC9BB81009CB792 /* PBXContainerItemProxy */ = {
			isa = PBXContainerItemProxy;
			containerPortal = B87DE52D1CC9BB80009CB792 /* Project object */;
			proxyType = 1;
			remoteGlobalIDString = B87DE5341CC9BB81009CB792;
			remoteInfo = "轮播图";
		};
/* End PBXContainerItemProxy section */

/* Begin PBXFileReference section */
		B87DE5351CC9BB81009CB792 /* 轮播图.app */ = {isa = PBXFileReference; explicitFileType = wrapper.application; includeInIndex = 0; path = "轮播图.app"; sourceTree = BUILT_PRODUCTS_DIR; };
		B87DE5391CC9BB81009CB792 /* main.m */ = {isa = PBXFileReference; lastKnownFileType = sourcecode.c.objc; path = main.m; sourceTree = "<group>"; };
		B87DE53B1CC9BB81009CB792 /* AppDelegate.h */ = {isa = PBXFileReference; lastKnownFileType = sourcecode.c.h; path = AppDelegate.h; sourceTree = "<group>"; };
		B87DE53C1CC9BB81009CB792 /* AppDelegate.m */ = {isa = PBXFileReference; lastKnownFileType = sourcecode.c.objc; path = AppDelegate.m; sourceTree = "<group>"; };
		B87DE53E1CC9BB81009CB792 /* ViewController.h */ = {isa = PBXFileReference; lastKnownFileType = sourcecode.c.h; path = ViewController.h; sourceTree = "<group>"; };
		B87DE53F1CC9BB81009CB792 /* ViewController.m */ = {isa = PBXFileReference; lastKnownFileType = sourcecode.c.objc; path = ViewController.m; sourceTree = "<group>"; };
		B87DE5421CC9BB81009CB792 /* Base */ = {isa = PBXFileReference; lastKnownFileType = file.storyboard; name = Base; path = Base.lproj/Main.storyboard; sourceTree = "<group>"; };
		B87DE5441CC9BB81009CB792 /* Assets.xcassets */ = {isa = PBXFileReference; lastKnownFileType = folder.assetcatalog; path = Assets.xcassets; sourceTree = "<group>"; };
		B87DE5471CC9BB81009CB792 /* Base */ = {isa = PBXFileReference; lastKnownFileType = file.storyboard; name = Base; path = Base.lproj/LaunchScreen.storyboard; sourceTree = "<group>"; };
		B87DE5491CC9BB81009CB792 /* Info.plist */ = {isa = PBXFileReference; lastKnownFileType = text.plist.xml; path = Info.plist; sourceTree = "<group>"; };
		B87DE54E1CC9BB81009CB792 /* 轮播图Tests.xctest */ = {isa = PBXFileReference; explicitFileType = wrapper.cfbundle; includeInIndex = 0; path = "轮播图Tests.xctest"; sourceTree = BUILT_PRODUCTS_DIR; };
		B87DE5521CC9BB81009CB792 /* ___Tests.m */ = {isa = PBXFileReference; lastKnownFileType = sourcecode.c.objc; path = "___Tests.m"; sourceTree = "<group>"; };
		B87DE5541CC9BB81009CB792 /* Info.plist */ = {isa = PBXFileReference; lastKnownFileType = text.plist.xml; path = Info.plist; sourceTree = "<group>"; };
		B87DE5591CC9BB81009CB792 /* 轮播图UITests.xctest */ = {isa = PBXFileReference; explicitFileType = wrapper.cfbundle; includeInIndex = 0; path = "轮播图UITests.xctest"; sourceTree = BUILT_PRODUCTS_DIR; };
		B87DE55D1CC9BB81009CB792 /* ___UITests.m */ = {isa = PBXFileReference; lastKnownFileType = sourcecode.c.objc; path = "___UITests.m"; sourceTree = "<group>"; };
		B87DE55F1CC9BB82009CB792 /* Info.plist */ = {isa = PBXFileReference; lastKnownFileType = text.plist.xml; path = Info.plist; sourceTree = "<group>"; };
		B87DE56B1CC9BCB9009CB792 /* CarouselView.h */ = {isa = PBXFileReference; fileEncoding = 4; lastKnownFileType = sourcecode.c.h; path = CarouselView.h; sourceTree = "<group>"; };
		B87DE56C1CC9BCB9009CB792 /* CarouselView.m */ = {isa = PBXFileReference; fileEncoding = 4; lastKnownFileType = sourcecode.c.objc; path = CarouselView.m; sourceTree = "<group>"; };
		B87DE5781CC9C97A009CB792 /* QI(1MFTRFN02WPNDOYRF@A1.jpg */ = {isa = PBXFileReference; lastKnownFileType = image.jpeg; path = "QI(1MFTRFN02WPNDOYRF@A1.jpg"; sourceTree = "<group>"; };
		B87DE57A1CC9C982009CB792 /* NRB77}NIOOHABA`XFY[ODQG.jpg */ = {isa = PBXFileReference; lastKnownFileType = image.jpeg; path = "NRB77}NIOOHABA`XFY[ODQG.jpg"; sourceTree = "<group>"; };
		B87DE57C1CC9C989009CB792 /* T450_RQ9WCBH56VGJALOLV7.jpg */ = {isa = PBXFileReference; lastKnownFileType = image.jpeg; path = T450_RQ9WCBH56VGJALOLV7.jpg; sourceTree = "<group>"; };
		B87DE57E1CC9C98F009CB792 /* S]6N737JBN)_ILMSL3T2XOC.jpg */ = {isa = PBXFileReference; lastKnownFileType = image.jpeg; path = "S]6N737JBN)_ILMSL3T2XOC.jpg"; sourceTree = "<group>"; };
		B87DE5801CC9C994009CB792 /* WRU8M4U(_SY2~]_71L3L3UM.jpg */ = {isa = PBXFileReference; lastKnownFileType = image.jpeg; path = "WRU8M4U(_SY2~]_71L3L3UM.jpg"; sourceTree = "<group>"; };
		B890544D1CCDCA4900B920DB /* img_01.png */ = {isa = PBXFileReference; lastKnownFileType = image.png; path = img_01.png; sourceTree = "<group>"; };
		B890544E1CCDCA4900B920DB /* img_02.png */ = {isa = PBXFileReference; lastKnownFileType = image.png; path = img_02.png; sourceTree = "<group>"; };
		B890544F1CCDCA4900B920DB /* img_03.png */ = {isa = PBXFileReference; lastKnownFileType = image.png; path = img_03.png; sourceTree = "<group>"; };
		B89054501CCDCA4900B920DB /* img_04.png */ = {isa = PBXFileReference; lastKnownFileType = image.png; path = img_04.png; sourceTree = "<group>"; };
		B89054511CCDCA4900B920DB /* img_05.png */ = {isa = PBXFileReference; lastKnownFileType = image.png; path = img_05.png; sourceTree = "<group>"; };
/* End PBXFileReference section */

/* Begin PBXFrameworksBuildPhase section */
		B87DE5321CC9BB81009CB792 /* Frameworks */ = {
			isa = PBXFrameworksBuildPhase;
			buildActionMask = 2147483647;
			files = (
			);
			runOnlyForDeploymentPostprocessing = 0;
		};
		B87DE54B1CC9BB81009CB792 /* Frameworks */ = {
			isa = PBXFrameworksBuildPhase;
			buildActionMask = 2147483647;
			files = (
			);
			runOnlyForDeploymentPostprocessing = 0;
		};
		B87DE5561CC9BB81009CB792 /* Frameworks */ = {
			isa = PBXFrameworksBuildPhase;
			buildActionMask = 2147483647;
			files = (
			);
			runOnlyForDeploymentPostprocessing = 0;
		};
/* End PBXFrameworksBuildPhase section */

/* Begin PBXGroup section */
		B87DE52C1CC9BB80009CB792 = {
			isa = PBXGroup;
			children = (
				B87DE5371CC9BB81009CB792 /* 轮播图 */,
				B87DE5511CC9BB81009CB792 /* 轮播图Tests */,
				B87DE55C1CC9BB81009CB792 /* 轮播图UITests */,
				B87DE5361CC9BB81009CB792 /* Products */,
			);
			sourceTree = "<group>";
		};
		B87DE5361CC9BB81009CB792 /* Products */ = {
			isa = PBXGroup;
			children = (
				B87DE5351CC9BB81009CB792 /* 轮播图.app */,
				B87DE54E1CC9BB81009CB792 /* 轮播图Tests.xctest */,
				B87DE5591CC9BB81009CB792 /* 轮播图UITests.xctest */,
			);
			name = Products;
			sourceTree = "<group>";
		};
		B87DE5371CC9BB81009CB792 /* 轮播图 */ = {
			isa = PBXGroup;
			children = (
				B87DE53B1CC9BB81009CB792 /* AppDelegate.h */,
				B87DE53C1CC9BB81009CB792 /* AppDelegate.m */,
				B87DE53E1CC9BB81009CB792 /* ViewController.h */,
				B87DE53F1CC9BB81009CB792 /* ViewController.m */,
				B87DE56B1CC9BCB9009CB792 /* CarouselView.h */,
				B87DE56C1CC9BCB9009CB792 /* CarouselView.m */,
				B87DE5411CC9BB81009CB792 /* Main.storyboard */,
				B87DE5441CC9BB81009CB792 /* Assets.xcassets */,
				B87DE5461CC9BB81009CB792 /* LaunchScreen.storyboard */,
				B87DE5491CC9BB81009CB792 /* Info.plist */,
				B87DE5781CC9C97A009CB792 /* QI(1MFTRFN02WPNDOYRF@A1.jpg */,
				B87DE57A1CC9C982009CB792 /* NRB77}NIOOHABA`XFY[ODQG.jpg */,
				B87DE57C1CC9C989009CB792 /* T450_RQ9WCBH56VGJALOLV7.jpg */,
				B87DE57E1CC9C98F009CB792 /* S]6N737JBN)_ILMSL3T2XOC.jpg */,
				B87DE5801CC9C994009CB792 /* WRU8M4U(_SY2~]_71L3L3UM.jpg */,
				B890544D1CCDCA4900B920DB /* img_01.png */,
				B890544E1CCDCA4900B920DB /* img_02.png */,
				B890544F1CCDCA4900B920DB /* img_03.png */,
				B89054501CCDCA4900B920DB /* img_04.png */,
				B89054511CCDCA4900B920DB /* img_05.png */,
				B87DE5381CC9BB81009CB792 /* Supporting Files */,
			);
			path = "轮播图";
			sourceTree = "<group>";
		};
		B87DE5381CC9BB81009CB792 /* Supporting Files */ = {
			isa = PBXGroup;
			children = (
				B87DE5391CC9BB81009CB792 /* main.m */,
			);
			name = "Supporting Files";
			sourceTree = "<group>";
		};
		B87DE5511CC9BB81009CB792 /* 轮播图Tests */ = {
			isa = PBXGroup;
			children = (
				B87DE5521CC9BB81009CB792 /* ___Tests.m */,
				B87DE5541CC9BB81009CB792 /* Info.plist */,
			);
			path = "轮播图Tests";
			sourceTree = "<group>";
		};
		B87DE55C1CC9BB81009CB792 /* 轮播图UITests */ = {
			isa = PBXGroup;
			children = (
				B87DE55D1CC9BB81009CB792 /* ___UITests.m */,
				B87DE55F1CC9BB82009CB792 /* Info.plist */,
			);
			path = "轮播图UITests";
			sourceTree = "<group>";
		};
/* End PBXGroup section */

/* Begin PBXNativeTarget section */
		B87DE5341CC9BB81009CB792 /* 轮播图 */ = {
			isa = PBXNativeTarget;
			buildConfigurationList = B87DE5621CC9BB82009CB792 /* Build configuration list for PBXNativeTarget "轮播图" */;
			buildPhases = (
				B87DE5311CC9BB81009CB792 /* Sources */,
				B87DE5321CC9BB81009CB792 /* Frameworks */,
				B87DE5331CC9BB81009CB792 /* Resources */,
			);
			buildRules = (
			);
			dependencies = (
			);
			name = "轮播图";
			productName = "轮播图";
			productReference = B87DE5351CC9BB81009CB792 /* 轮播图.app */;
			productType = "com.apple.product-type.application";
		};
		B87DE54D1CC9BB81009CB792 /* 轮播图Tests */ = {
			isa = PBXNativeTarget;
			buildConfigurationList = B87DE5651CC9BB82009CB792 /* Build configuration list for PBXNativeTarget "轮播图Tests" */;
			buildPhases = (
				B87DE54A1CC9BB81009CB792 /* Sources */,
				B87DE54B1CC9BB81009CB792 /* Frameworks */,
				B87DE54C1CC9BB81009CB792 /* Resources */,
			);
			buildRules = (
			);
			dependencies = (
				B87DE5501CC9BB81009CB792 /* PBXTargetDependency */,
			);
			name = "轮播图Tests";
			productName = "轮播图Tests";
			productReference = B87DE54E1CC9BB81009CB792 /* 轮播图Tests.xctest */;
			productType = "com.apple.product-type.bundle.unit-test";
		};
		B87DE5581CC9BB81009CB792 /* 轮播图UITests */ = {
			isa = PBXNativeTarget;
			buildConfigurationList = B87DE5681CC9BB82009CB792 /* Build configuration list for PBXNativeTarget "轮播图UITests" */;
			buildPhases = (
				B87DE5551CC9BB81009CB792 /* Sources */,
				B87DE5561CC9BB81009CB792 /* Frameworks */,
				B87DE5571CC9BB81009CB792 /* Resources */,
			);
			buildRules = (
			);
			dependencies = (
				B87DE55B1CC9BB81009CB792 /* PBXTargetDependency */,
			);
			name = "轮播图UITests";
			productName = "轮播图UITests";
			productReference = B87DE5591CC9BB81009CB792 /* 轮播图UITests.xctest */;
			productType = "com.apple.product-type.bundle.ui-testing";
		};
/* End PBXNativeTarget section */

/* Begin PBXProject section */
		B87DE52D1CC9BB80009CB792 /* Project object */ = {
			isa = PBXProject;
			attributes = {
				LastUpgradeCheck = 0710;
				ORGANIZATIONNAME = YQ;
				TargetAttributes = {
					B87DE5341CC9BB81009CB792 = {
						CreatedOnToolsVersion = 7.1.1;
					};
					B87DE54D1CC9BB81009CB792 = {
						CreatedOnToolsVersion = 7.1.1;
						TestTargetID = B87DE5341CC9BB81009CB792;
					};
					B87DE5581CC9BB81009CB792 = {
						CreatedOnToolsVersion = 7.1.1;
						TestTargetID = B87DE5341CC9BB81009CB792;
					};
				};
			};
			buildConfigurationList = B87DE5301CC9BB80009CB792 /* Build configuration list for PBXProject "轮播图" */;
			compatibilityVersion = "Xcode 3.2";
			developmentRegion = English;
			hasScannedForEncodings = 0;
			knownRegions = (
				en,
				Base,
			);
			mainGroup = B87DE52C1CC9BB80009CB792;
			productRefGroup = B87DE5361CC9BB81009CB792 /* Products */;
			projectDirPath = "";
			projectRoot = "";
			targets = (
				B87DE5341CC9BB81009CB792 /* 轮播图 */,
				B87DE54D1CC9BB81009CB792 /* 轮播图Tests */,
				B87DE5581CC9BB81009CB792 /* 轮播图UITests */,
			);
		};
/* End PBXProject section */

/* Begin PBXResourcesBuildPhase section */
		B87DE5331CC9BB81009CB792 /* Resources */ = {
			isa = PBXResourcesBuildPhase;
			buildActionMask = 2147483647;
			files = (
				B87DE5481CC9BB81009CB792 /* LaunchScreen.storyboard in Resources */,
				B89054551CCDCA4900B920DB /* img_04.png in Resources */,
				B89054531CCDCA4900B920DB /* img_02.png in Resources */,
				B89054521CCDCA4900B920DB /* img_01.png in Resources */,
				B87DE5451CC9BB81009CB792 /* Assets.xcassets in Resources */,
				B89054541CCDCA4900B920DB /* img_03.png in Resources */,
				B89054561CCDCA4900B920DB /* img_05.png in Resources */,
				B87DE5431CC9BB81009CB792 /* Main.storyboard in Resources */,
				B87DE57F1CC9C98F009CB792 /* S]6N737JBN)_ILMSL3T2XOC.jpg in Resources */,
				B87DE5791CC9C97A009CB792 /* QI(1MFTRFN02WPNDOYRF@A1.jpg in Resources */,
				B87DE5811CC9C994009CB792 /* WRU8M4U(_SY2~]_71L3L3UM.jpg in Resources */,
				B87DE57B1CC9C982009CB792 /* NRB77}NIOOHABA`XFY[ODQG.jpg in Resources */,
				B87DE57D1CC9C989009CB792 /* T450_RQ9WCBH56VGJALOLV7.jpg in Resources */,
			);
			runOnlyForDeploymentPostprocessing = 0;
		};
		B87DE54C1CC9BB81009CB792 /* Resources */ = {
			isa = PBXResourcesBuildPhase;
			buildActionMask = 2147483647;
			files = (
			);
			runOnlyForDeploymentPostprocessing = 0;
		};
		B87DE5571CC9BB81009CB792 /* Resources */ = {
			isa = PBXResourcesBuildPhase;
			buildActionMask = 2147483647;
			files = (
			);
			runOnlyForDeploymentPostprocessing = 0;
		};
/* End PBXResourcesBuildPhase section */

/* Begin PBXSourcesBuildPhase section */
		B87DE5311CC9BB81009CB792 /* Sources */ = {
			isa = PBXSourcesBuildPhase;
			buildActionMask = 2147483647;
			files = (
				B87DE5401CC9BB81009CB792 /* ViewController.m in Sources */,
				B87DE53D1CC9BB81009CB792 /* AppDelegate.m in Sources */,
				B87DE56D1CC9BCB9009CB792 /* CarouselView.m in Sources */,
				B87DE53A1CC9BB81009CB792 /* main.m in Sources */,
			);
			runOnlyForDeploymentPostprocessing = 0;
		};
		B87DE54A1CC9BB81009CB792 /* Sources */ = {
			isa = PBXSourcesBuildPhase;
			buildActionMask = 2147483647;
			files = (
				B87DE5531CC9BB81009CB792 /* ___Tests.m in Sources */,
			);
			runOnlyForDeploymentPostprocessing = 0;
		};
		B87DE5551CC9BB81009CB792 /* Sources */ = {
			isa = PBXSourcesBuildPhase;
			buildActionMask = 2147483647;
			files = (
				B87DE55E1CC9BB81009CB792 /* ___UITests.m in Sources */,
			);
			runOnlyForDeploymentPostprocessing = 0;
		};
/* End PBXSourcesBuildPhase section */

/* Begin PBXTargetDependency section */
		B87DE5501CC9BB81009CB792 /* PBXTargetDependency */ = {
			isa = PBXTargetDependency;
			target = B87DE5341CC9BB81009CB792 /* 轮播图 */;
			targetProxy = B87DE54F1CC9BB81009CB792 /* PBXContainerItemProxy */;
		};
		B87DE55B1CC9BB81009CB792 /* PBXTargetDependency */ = {
			isa = PBXTargetDependency;
			target = B87DE5341CC9BB81009CB792 /* 轮播图 */;
			targetProxy = B87DE55A1CC9BB81009CB792 /* PBXContainerItemProxy */;
		};
/* End PBXTargetDependency section */

/* Begin PBXVariantGroup section */
		B87DE5411CC9BB81009CB792 /* Main.storyboard */ = {
			isa = PBXVariantGroup;
			children = (
				B87DE5421CC9BB81009CB792 /* Base */,
			);
			name = Main.storyboard;
			sourceTree = "<group>";
		};
		B87DE5461CC9BB81009CB792 /* LaunchScreen.storyboard */ = {
			isa = PBXVariantGroup;
			children = (
				B87DE5471CC9BB81009CB792 /* Base */,
			);
			name = LaunchScreen.storyboard;
			sourceTree = "<group>";
		};
/* End PBXVariantGroup section */

/* Begin XCBuildConfiguration section */
		B87DE5601CC9BB82009CB792 /* Debug */ = {
			isa = XCBuildConfiguration;
			buildSettings = {
				ALWAYS_SEARCH_USER_PATHS = NO;
				CLANG_CXX_LANGUAGE_STANDARD = "gnu++0x";
				CLANG_CXX_LIBRARY = "libc++";
				CLANG_ENABLE_MODULES = YES;
				CLANG_ENABLE_OBJC_ARC = YES;
				CLANG_WARN_BOOL_CONVERSION = YES;
				CLANG_WARN_CONSTANT_CONVERSION = YES;
				CLANG_WARN_DIRECT_OBJC_ISA_USAGE = YES_ERROR;
				CLANG_WARN_EMPTY_BODY = YES;
				CLANG_WARN_ENUM_CONVERSION = YES;
				CLANG_WARN_INT_CONVERSION = YES;
				CLANG_WARN_OBJC_ROOT_CLASS = YES_ERROR;
				CLANG_WARN_UNREACHABLE_CODE = YES;
				CLANG_WARN__DUPLICATE_METHOD_MATCH = YES;
				"CODE_SIGN_IDENTITY[sdk=iphoneos*]" = "iPhone Developer";
				COPY_PHASE_STRIP = NO;
				DEBUG_INFORMATION_FORMAT = dwarf;
				ENABLE_STRICT_OBJC_MSGSEND = YES;
				ENABLE_TESTABILITY = YES;
				GCC_C_LANGUAGE_STANDARD = gnu99;
				GCC_DYNAMIC_NO_PIC = NO;
				GCC_NO_COMMON_BLOCKS = YES;
				GCC_OPTIMIZATION_LEVEL = 0;
				GCC_PREPROCESSOR_DEFINITIONS = (
					"DEBUG=1",
					"$(inherited)",
				);
				GCC_WARN_64_TO_32_BIT_CONVERSION = YES;
				GCC_WARN_ABOUT_RETURN_TYPE = YES_ERROR;
				GCC_WARN_UNDECLARED_SELECTOR = YES;
				GCC_WARN_UNINITIALIZED_AUTOS = YES_AGGRESSIVE;
				GCC_WARN_UNUSED_FUNCTION = YES;
				GCC_WARN_UNUSED_VARIABLE = YES;
				IPHONEOS_DEPLOYMENT_TARGET = 9.1;
				MTL_ENABLE_DEBUG_INFO = YES;
				ONLY_ACTIVE_ARCH = YES;
				SDKROOT = iphoneos;
			};
			name = Debug;
		};
		B87DE5611CC9BB82009CB792 /* Release */ = {
			isa = XCBuildConfiguration;
			buildSettings = {
				ALWAYS_SEARCH_USER_PATHS = NO;
				CLANG_CXX_LANGUAGE_STANDARD = "gnu++0x";
				CLANG_CXX_LIBRARY = "libc++";
				CLANG_ENABLE_MODULES = YES;
				CLANG_ENABLE_OBJC_ARC = YES;
				CLANG_WARN_BOOL_CONVERSION = YES;
				CLANG_WARN_CONSTANT_CONVERSION = YES;
				CLANG_WARN_DIRECT_OBJC_ISA_USAGE = YES_ERROR;
				CLANG_WARN_EMPTY_BODY = YES;
				CLANG_WARN_ENUM_CONVERSION = YES;
				CLANG_WARN_INT_CONVERSION = YES;
				CLANG_WARN_OBJC_ROOT_CLASS = YES_ERROR;
				CLANG_WARN_UNREACHABLE_CODE = YES;
				CLANG_WARN__DUPLICATE_METHOD_MATCH = YES;
				"CODE_SIGN_IDENTITY[sdk=iphoneos*]" = "iPhone Developer";
				COPY_PHASE_STRIP = NO;
				DEBUG_INFORMATION_FORMAT = "dwarf-with-dsym";
				ENABLE_NS_ASSERTIONS = NO;
				ENABLE_STRICT_OBJC_MSGSEND = YES;
				GCC_C_LANGUAGE_STANDARD = gnu99;
				GCC_NO_COMMON_BLOCKS = YES;
				GCC_WARN_64_TO_32_BIT_CONVERSION = YES;
				GCC_WARN_ABOUT_RETURN_TYPE = YES_ERROR;
				GCC_WARN_UNDECLARED_SELECTOR = YES;
				GCC_WARN_UNINITIALIZED_AUTOS = YES_AGGRESSIVE;
				GCC_WARN_UNUSED_FUNCTION = YES;
				GCC_WARN_UNUSED_VARIABLE = YES;
				IPHONEOS_DEPLOYMENT_TARGET = 9.1;
				MTL_ENABLE_DEBUG_INFO = NO;
				SDKROOT = iphoneos;
				VALIDATE_PRODUCT = YES;
			};
			name = Release;
		};
		B87DE5631CC9BB82009CB792 /* Debug */ = {
			isa = XCBuildConfiguration;
			buildSettings = {
				ASSETCATALOG_COMPILER_APPICON_NAME = AppIcon;
				INFOPLIST_FILE = "轮播图/Info.plist";
				LD_RUNPATH_SEARCH_PATHS = "$(inherited) @executable_path/Frameworks";
				PRODUCT_BUNDLE_IDENTIFIER = "com.yqiang1000-163.---";
				PRODUCT_NAME = "$(TARGET_NAME)";
			};
			name = Debug;
		};
		B87DE5641CC9BB82009CB792 /* Release */ = {
			isa = XCBuildConfiguration;
			buildSettings = {
				ASSETCATALOG_COMPILER_APPICON_NAME = AppIcon;
				INFOPLIST_FILE = "轮播图/Info.plist";
				LD_RUNPATH_SEARCH_PATHS = "$(inherited) @executable_path/Frameworks";
				PRODUCT_BUNDLE_IDENTIFIER = "com.yqiang1000-163.---";
				PRODUCT_NAME = "$(TARGET_NAME)";
			};
			name = Release;
		};
		B87DE5661CC9BB82009CB792 /* Debug */ = {
			isa = XCBuildConfiguration;
			buildSettings = {
				BUNDLE_LOADER = "$(TEST_HOST)";
				INFOPLIST_FILE = "轮播图Tests/Info.plist";
				LD_RUNPATH_SEARCH_PATHS = "$(inherited) @executable_path/Frameworks @loader_path/Frameworks";
				PRODUCT_BUNDLE_IDENTIFIER = "com.yqiang1000-163.---Tests";
				PRODUCT_NAME = "$(TARGET_NAME)";
				TEST_HOST = "$(BUILT_PRODUCTS_DIR)/轮播图.app/轮播图";
			};
			name = Debug;
		};
		B87DE5671CC9BB82009CB792 /* Release */ = {
			isa = XCBuildConfiguration;
			buildSettings = {
				BUNDLE_LOADER = "$(TEST_HOST)";
				INFOPLIST_FILE = "轮播图Tests/Info.plist";
				LD_RUNPATH_SEARCH_PATHS = "$(inherited) @executable_path/Frameworks @loader_path/Frameworks";
				PRODUCT_BUNDLE_IDENTIFIER = "com.yqiang1000-163.---Tests";
				PRODUCT_NAME = "$(TARGET_NAME)";
				TEST_HOST = "$(BUILT_PRODUCTS_DIR)/轮播图.app/轮播图";
			};
			name = Release;
		};
		B87DE5691CC9BB82009CB792 /* Debug */ = {
			isa = XCBuildConfiguration;
			buildSettings = {
				INFOPLIST_FILE = "轮播图UITests/Info.plist";
				LD_RUNPATH_SEARCH_PATHS = "$(inherited) @executable_path/Frameworks @loader_path/Frameworks";
				PRODUCT_BUNDLE_IDENTIFIER = "com.yqiang1000-163.---UITests";
				PRODUCT_NAME = "$(TARGET_NAME)";
				TEST_TARGET_NAME = "轮播图";
				USES_XCTRUNNER = YES;
			};
			name = Debug;
		};
		B87DE56A1CC9BB82009CB792 /* Release */ = {
			isa = XCBuildConfiguration;
			buildSettings = {
				INFOPLIST_FILE = "轮播图UITests/Info.plist";
				LD_RUNPATH_SEARCH_PATHS = "$(inherited) @executable_path/Frameworks @loader_path/Frameworks";
				PRODUCT_BUNDLE_IDENTIFIER = "com.yqiang1000-163.---UITests";
				PRODUCT_NAME = "$(TARGET_NAME)";
				TEST_TARGET_NAME = "轮播图";
				USES_XCTRUNNER = YES;
			};
			name = Release;
		};
/* End XCBuildConfiguration section */

/* Begin XCConfigurationList section */
		B87DE5301CC9BB80009CB792 /* Build configuration list for PBXProject "轮播图" */ = {
			isa = XCConfigurationList;
			buildConfigurations = (
				B87DE5601CC9BB82009CB792 /* Debug */,
				B87DE5611CC9BB82009CB792 /* Release */,
			);
			defaultConfigurationIsVisible = 0;
			defaultConfigurationName = Release;
		};
		B87DE5621CC9BB82009CB792 /* Build configuration list for PBXNativeTarget "轮播图" */ = {
			isa = XCConfigurationList;
			buildConfigurations = (
				B87DE5631CC9BB82009CB792 /* Debug */,
				B87DE5641CC9BB82009CB792 /* Release */,
			);
			defaultConfigurationIsVisible = 0;
			defaultConfigurationName = Release;
		};
		B87DE5651CC9BB82009CB792 /* Build configuration list for PBXNativeTarget "轮播图Tests" */ = {
			isa = XCConfigurationList;
			buildConfigurations = (
				B87DE5661CC9BB82009CB792 /* Debug */,
				B87DE5671CC9BB82009CB792 /* Release */,
			);
			defaultConfigurationIsVisible = 0;
			defaultConfigurationName = Release;
		};
		B87DE5681CC9BB82009CB792 /* Build configuration list for PBXNativeTarget "轮播图UITests" */ = {
			isa = XCConfigurationList;
			buildConfigurations = (
				B87DE5691CC9BB82009CB792 /* Debug */,
				B87DE56A1CC9BB82009CB792 /* Release */,
			);
			defaultConfigurationIsVisible = 0;
			defaultConfigurationName = Release;
		};
/* End XCConfigurationList section */
	};
	rootObject = B87DE52D1CC9BB80009CB792 /* Project object */;
}
